
Microsoft Visual Studio Solution File, Format Version 12.00
# Visual Studio 2017
Project("{FAE04EC0-301F-11D3-BF4B-00C04F79EFBC}") = "GmapGame", "GmapGame.csproj", "{97DE33A7-CEE6-9273-4DE1-21EFE5C3AFB1}"
EndProject
Project("{FAE04EC0-301F-11D3-BF4B-00C04F79EFBC}") = "GmapGame.Editor", "GmapGame.Editor.csproj", "{F548EE60-22EB-9312-AEC7-8BCD710AD4B5}"
EndProject
Project("{FAE04EC0-301F-11D3-BF4B-00C04F79EFBC}") = "GmapGame.Editor", "GmapGame.Editor.csproj", "{F548EE60-22EB-9312-AEC7-8BCD710AD4B5}"
EndProject
Global
	GlobalSection(SolutionConfigurationPlatforms) = preSolution
		Debug|Any CPU = Debug|Any CPU
		Release|Any CPU = Release|Any CPU
	EndGlobalSection
	GlobalSection(ProjectConfigurationPlatforms) = postSolution
		{97DE33A7-CEE6-9273-4DE1-21EFE5C3AFB1}.Debug|Any CPU.ActiveCfg = Debug|Any CPU
		{97DE33A7-CEE6-9273-4DE1-21EFE5C3AFB1}.Debug|Any CPU.Build.0 = Debug|Any CPU
		{97DE33A7-CEE6-9273-4DE1-21EFE5C3AFB1}.Release|Any CPU.ActiveCfg = Release|Any CPU
		{97DE33A7-CEE6-9273-4DE1-21EFE5C3AFB1}.Release|Any CPU.Build.0 = Release|Any CPU
		{F548EE60-22EB-9312-AEC7-8BCD710AD4B5}.Debug|Any CPU.ActiveCfg = Debug|Any CPU
		{F548EE60-22EB-9312-AEC7-8BCD710AD4B5}.Debug|Any CPU.Build.0 = Debug|Any CPU
		{F548EE60-22EB-9312-AEC7-8BCD710AD4B5}.Release|Any CPU.ActiveCfg = Release|Any CPU
		{F548EE60-22EB-9312-AEC7-8BCD710AD4B5}.Release|Any CPU.Build.0 = Release|Any CPU
		{F548EE60-22EB-9312-AEC7-8BCD710AD4B5}.Debug|Any CPU.ActiveCfg = Debug|Any CPU
		{F548EE60-22EB-9312-AEC7-8BCD710AD4B5}.Debug|Any CPU.Build.0 = Debug|Any CPU
		{F548EE60-22EB-9312-AEC7-8BCD710AD4B5}.Release|Any CPU.ActiveCfg = Release|Any CPU
		{F548EE60-22EB-9312-AEC7-8BCD710AD4B5}.Release|Any CPU.Build.0 = Release|Any CPU
	EndGlobalSection
	GlobalSection(SolutionProperties) = preSolution
		HideSolutionNode = FALSE
	EndGlobalSection
EndGlobal
